lockfileVersion: '9.0'

settings:
  autoInstallPeers: true
  excludeLinksFromLockfile: false

importers:

  .:
    dependencies:
      '@lepropst/xchacha20-poly1305':
        specifier: ^1.0.0
        version: 1.0.0

packages:

  '@lepropst/xchacha20-poly1305@1.0.0':
    resolution: {integrity: sha512-RS1yhB2LqHEeYV6HFepaaf9O5FJ7QLaD0CI6Q2gL8dVvD2wkOs1H/2zpbG1iv6lzz/6Vd+PTusyy3ZqoM1/NYg==}

  '@noble/ciphers@2.0.1':
    resolution: {integrity: sha512-xHK3XHPUW8DTAobU+G0XT+/w+JLM7/8k1UFdB5xg/zTFPnFCobhftzw8wl4Lw2aq/Rvir5pxfZV5fEazmeCJ2g==}
    engines: {node: '>= 20.19.0'}

  '@noble/hashes@2.0.1':
    resolution: {integrity: sha512-XlOlEbQcE9fmuXxrVTXCTlG2nlRXa9Rj3rr5Ue/+tX+nmkgbX720YHh0VR3hBF9xDvwnb8D2shVGOwNx+ulArw==}
    engines: {node: '>= 20.19.0'}

  '@types/node@24.10.1':
    resolution: {integrity: sha512-GNWcUTRBgIRJD5zj+Tq0fKOJ5XZajIiBroOF0yvj2bSU1WvNdYS/dn9UxwsujGW4JX06dnHyjV2y9rRaybH0iQ==}

  '@types/web@0.0.294':
    resolution: {integrity: sha512-prZi2M3jd/lGeOhW9P3txXfn6/nXIJRn+w/aFHz94/dl04riO5V99n+sKSeIciq7FM2XY6wPWoNhNbm6S/AdMQ==}

  libsodium-wrappers@0.7.15:
    resolution: {integrity: sha512-E4anqJQwcfiC6+Yrl01C1m8p99wEhLmJSs0VQqST66SbQXXBoaJY0pF4BNjRYa/sOQAxx6lXAaAFIlx+15tXJQ==}

  libsodium@0.7.15:
    resolution: {integrity: sha512-sZwRknt/tUpE2AwzHq3jEyUU5uvIZHtSssktXq7owd++3CSgn8RGrv6UZJJBpP7+iBghBqe7Z06/2M31rI2NKw==}

  undici-types@7.16.0:
    resolution: {integrity: sha512-Zz+aZWSj8LE6zoxD+xrjh4VfkIG8Ya6LvYkZqtUQGJPZjYl53ypCaUwWqo7eI0x66KBGeRo+mlBEkMSeSZ38Nw==}

snapshots:

  '@lepropst/xchacha20-poly1305@1.0.0':
    dependencies:
      '@noble/ciphers': 2.0.1
      '@noble/hashes': 2.0.1
      '@types/node': 24.10.1
      '@types/web': 0.0.294
      libsodium: 0.7.15
      libsodium-wrappers: 0.7.15

  '@noble/ciphers@2.0.1': {}

  '@noble/hashes@2.0.1': {}

  '@types/node@24.10.1':
    dependencies:
      undici-types: 7.16.0

  '@types/web@0.0.294': {}

  libsodium-wrappers@0.7.15:
    dependencies:
      libsodium: 0.7.15

  libsodium@0.7.15: {}

  undici-types@7.16.0: {}
