lockfileVersion: '9.0'

settings:
  autoInstallPeers: true
  excludeLinksFromLockfile: false

importers:

  .:
    dependencies:
      libsodium:
        specifier: ^0.7.15
        version: 0.7.15
      libsodium-wrappers:
        specifier: ^0.7.15
        version: 0.7.15

packages:

  libsodium-wrappers@0.7.15:
    resolution: {integrity: sha512-E4anqJQwcfiC6+Yrl01C1m8p99wEhLmJSs0VQqST66SbQXXBoaJY0pF4BNjRYa/sOQAxx6lXAaAFIlx+15tXJQ==}

  libsodium@0.7.15:
    resolution: {integrity: sha512-sZwRknt/tUpE2AwzHq3jEyUU5uvIZHtSssktXq7owd++3CSgn8RGrv6UZJJBpP7+iBghBqe7Z06/2M31rI2NKw==}

snapshots:

  libsodium-wrappers@0.7.15:
    dependencies:
      libsodium: 0.7.15

  libsodium@0.7.15: {}
